
Microsoft Visual Studio Solution File, Format Version 12.00
# Visual Studio Version 17
VisualStudioVersion = 17.8.34309.116
MinimumVisualStudioVersion = 10.0.40219.1
Project("{FAE04EC0-301F-11D3-BF4B-00C04F79EFBC}") = "WebFormProperties", "WebFormProperties\WebFormProperties.csproj", "{D0B4FC0F-6B70-47EA-94A3-9E292EC6506A}"
EndProject
Global
	GlobalSection(SolutionConfigurationPlatforms) = preSolution
		Debug|Any CPU = Debug|Any CPU
		Release|Any CPU = Release|Any CPU
	EndGlobalSection
	GlobalSection(ProjectConfigurationPlatforms) = postSolution
		{D0B4FC0F-6B70-47EA-94A3-9E292EC6506A}.Debug|Any CPU.ActiveCfg = Debug|Any CPU
		{D0B4FC0F-6B70-47EA-94A3-9E292EC6506A}.Debug|Any CPU.Build.0 = Debug|Any CPU
		{D0B4FC0F-6B70-47EA-94A3-9E292EC6506A}.Release|Any CPU.ActiveCfg = Release|Any CPU
		{D0B4FC0F-6B70-47EA-94A3-9E292EC6506A}.Release|Any CPU.Build.0 = Release|Any CPU
	EndGlobalSection
	GlobalSection(SolutionProperties) = preSolution
		HideSolutionNode = FALSE
	EndGlobalSection
	GlobalSection(ExtensibilityGlobals) = postSolution
		SolutionGuid = {01387A05-5160-435D-9ADF-8372062A09CC}
	EndGlobalSection
EndGlobal
